
Microsoft Visual Studio Solution File, Format Version 12.00
# Visual Studio Version 16
VisualStudioVersion = 16.0.29411.138
MinimumVisualStudioVersion = 10.0.40219.1
Project("{FAE04EC0-301F-11D3-BF4B-00C04F79EFBC}") = "LiteManagedHttpDownload", "LiteManagedHttpDownload\LiteManagedHttpDownload.csproj", "{B67FFA6B-BE6B-44DE-94A2-82E6E577FB97}"
EndProject
Global
	GlobalSection(SolutionConfigurationPlatforms) = preSolution
		Debug|Any CPU = Debug|Any CPU
		Release|Any CPU = Release|Any CPU
	EndGlobalSection
	GlobalSection(ProjectConfigurationPlatforms) = postSolution
		{B67FFA6B-BE6B-44DE-94A2-82E6E577FB97}.Debug|Any CPU.ActiveCfg = Debug|Any CPU
		{B67FFA6B-BE6B-44DE-94A2-82E6E577FB97}.Debug|Any CPU.Build.0 = Debug|Any CPU
		{B67FFA6B-BE6B-44DE-94A2-82E6E577FB97}.Release|Any CPU.ActiveCfg = Release|Any CPU
		{B67FFA6B-BE6B-44DE-94A2-82E6E577FB97}.Release|Any CPU.Build.0 = Release|Any CPU
	EndGlobalSection
	GlobalSection(SolutionProperties) = preSolution
		HideSolutionNode = FALSE
	EndGlobalSection
	GlobalSection(ExtensibilityGlobals) = postSolution
		SolutionGuid = {89E361A9-4E72-42ED-8C62-D24BAD1FD248}
	EndGlobalSection
EndGlobal
